github.com/DATA-DOG/go-sqlmock v1.3.3/go.mod h1:f/Ixk793poVmq4qj/V1dPUg2JEAKC73Q5eFN3EC/SaM=
github.com/PuerkitoBio/goquery v1.5.0 h1:uGvmFXOA73IKluu/F84Xd1tt/z07GYm8X49XKHP7EJk=
github.com/PuerkitoBio/goquery v1.5.0/go.mod h1:qD2PgZ9lccMbQlc7eEOjaeRlFQON7xY8kdmcsrnKqMg=
github.com/andybalholm/cascadia v1.0.0 h1:hOCXnnZ5A+3eVDX8pvgl4kofXv2ELss0bKcqRySc45o=
github.com/andybalholm/cascadia v1.0.0/go.mod h1:GsXiBklL0woXo1j/WYWtSYYC4ouU9PqHO0sqidkEA4Y=
github.com/gdamore/encoding v1.0.0 h1:+7OoQ1Bc6eTm5niUzBa0Ctsh6JbMW6Ra+YNuAtDBdko=
github.com/gdamore/encoding v1.0.0/go.mod h1:alR0ol34c49FCSBLjhosxzcPHQbf2trDkoo5dl+VrEg=
github.com/gdamore/tcell v1.1.2/go.mod h1:h3kq4HO9l2On+V9ed8w8ewqQEmGCSSHOgQ+2h8uzurE=
github.com/gdamore/tcell v1.2.0 h1:ikixzsxc8K8o3V2/CEmyoEW8mJZaNYQQ3NP3VIQdUe4=
github.com/gdamore/tcell v1.2.0/go.mod h1:Hjvr+Ofd+gLglo7RYKxxnzCBmev3BzsS67MebKS4zMM=
github.com/gilliek/go-opml v1.0.0 h1:X8xVjtySRXU/x6KvaiXkn7OV3a4DHqxY8Rpv6U/JvCY=
github.com/gilliek/go-opml v1.0.0/go.mod h1:fOxmtlzyBvUjU6bjpdjyxCGlWz+pgtAHrHf/xRZl3lk=
github.com/lucasb-eyer/go-colorful v1.0.2 h1:mCMFu6PgSozg9tDNMMK3g18oJBX7oYGrC09mS6CXfO4=
github.com/lucasb-eyer/go-colorful v1.0.2/go.mod h1:0MS4r+7BZKSJ5mw4/S5MPN+qHFF1fYclkSPilDOKW0s=
github.com/mattn/go-runewidth v0.0.4 h1:2BvfKmzob6Bmd4YsL0zygOqfdFnK7GR4QL06Do4/p7Y=
github.com/mattn/go-runewidth v0.0.4/go.mod h1:LwmH8dsx7+W8Uxz3IHJYH5QSwggIsqBzpuz5H//U1FU=
github.com/mattn/go-sqlite3 v1.11.0 h1:LDdKkqtYlom37fkvqs8rMPFKAMe8+SgjbwZ6ex1/A/Q=
github.com/mattn/go-sqlite3 v1.11.0/go.mod h1:FPy6KqzDD04eiIsT53CuJW3U88zkxoIYsOqkbpncsNc=
github.com/mmcdole/gofeed v1.0.0-beta2 h1:CjQ0ADhAwNSb08zknAkGOEYqr8zfZKfrzgk9BxpWP2E=
github.com/mmcdole/gofeed v1.0.0-beta2/go.mod h1:/BF9JneEL2/flujm8XHoxUcghdTV6vvb3xx/vKyChFU=
github.com/mmcdole/goxpp v0.0.0-20181012175147-0068e33feabf h1:sWGE2v+hO0Nd4yFU/S/mDBM5plIU8v/Qhfz41hkDIAI=
github.com/mmcdole/goxpp v0.0.0-20181012175147-0068e33feabf/go.mod h1:pasqhqstspkosTneA62Nc+2p9SOBBYAPbnmRRWPQ0V8=
github.com/olekukonko/tablewriter v0.0.1 h1:b3iUnf1v+ppJiOfNX4yxxqfWKMQPZR5yoh8urCTFX88=
github.com/olekukonko/tablewriter v0.0.1/go.mod h1:vsDQFd/mU46D+Z4whnwzcISnGGzXWMclvtLoiIKAKIo=
github.com/rivo/tview v0.0.0-20190829161255-f8bc69b90341 h1:d2Z5U4d3fenPRFFweaMCogbXiRywM5kgYtu20/hol3M=
github.com/rivo/tview v0.0.0-20190829161255-f8bc69b90341/go.mod h1:+rKjP5+h9HMwWRpAfhIkkQ9KE3m3Nz5rwn7YtUpwgqk=
github.com/rivo/uniseg v0.0.0-20190513083848-b9f5b9457d44 h1:XKCbzPvK4/BbMXoMJOkYP2ANxiAEO0HM1xn6psSbXxY=
github.com/rivo/uniseg v0.0.0-20190513083848-b9f5b9457d44/go.mod h1:J6wj4VEh+S6ZtnVlnTBMWIodfgj8LQOQFoIToxlJtxc=
github.com/ssor/bom v0.0.0-20170718123548-6386211fdfcf h1:pvbZ0lM0XWPBqUKqFU8cmavspvIl9nulOYwdy6IFRRo=
github.com/ssor/bom v0.0.0-20170718123548-6386211fdfcf/go.mod h1:RJID2RhlZKId02nZ62WenDCkgHFerpIOmW0iT7GKmXM=
golang.org/x/crypto v0.0.0-20190308221718-c2843e01d9a2/go.mod h1:djNgcEr1/C05ACkg1iLfiJU5Ep61QUkGW8qpdssI0+w=
golang.org/x/net v0.0.0-20180218175443-cbe0f9307d01/go.mod h1:mL1N/T3taQHkDXs73rZJwtUhF3w3ftmwwsq0BUmARs4=
golang.org/x/net v0.0.0-20181114220301-adae6a3d119a/go.mod h1:mL1N/T3taQHkDXs73rZJwtUhF3w3ftmwwsq0BUmARs4=
golang.org/x/net v0.0.0-20190827160401-ba9fcec4b297 h1:k7pJ2yAPLPgbskkFdhRCsA77k2fySZ1zf2zCjvQCiIM=
golang.org/x/net v0.0.0-20190827160401-ba9fcec4b297/go.mod h1:z5CRVTTTmAJ677TzLLGU+0bjPO0LkuOLi4/5GtJWs/s=
golang.org/x/sys v0.0.0-20190215142949-d0b11bdaac8a/go.mod h1:STP8DvDyc/dI5b8T5hshtkjS+E42TnysNCUPdjciGhY=
golang.org/x/sys v0.0.0-20190626150813-e07cf5db2756 h1:9nuHUbU8dRnRRfj9KjWUVrJeoexdbeMjttk6Oh1rD10=
golang.org/x/sys v0.0.0-20190626150813-e07cf5db2756/go.mod h1:h1NjWce9XRLGQEsW7wpKNCjG9DtNlClVuFLEZdDNbEs=
golang.org/x/text v0.3.0/go.mod h1:NqM8EUOU14njkJ3fqMW+pc6Ldnwhi/IjpwHt7yyuwOQ=
golang.org/x/text v0.3.2 h1:tW2bmiBqwgJj/UpqtC8EpXEZVYOwU0yG4iWbprSVAcs=
golang.org/x/text v0.3.2/go.mod h1:bEr9sfX3Q8Zfm5fL9x+3itogRgK3+ptLWKqgva+5dAk=
golang.org/x/tools v0.0.0-20180917221912-90fa682c2a6e/go.mod h1:n7NCudcB/nEzxVGmLbDWY5pfWTLqBcC2KZ6jyYvM4mQ=
jaytaylor.com/html2text v0.0.0-20190408195923-01ec452cbe43 h1:y7HMa41LpoE/uvDnLVMLktoTifFpaoMGhxBHn8+h57Q=
jaytaylor.com/html2text v0.0.0-20190408195923-01ec452cbe43/go.mod h1:OxvTsCwKosqQ1q7B+8FwXqg4rKZ/UG9dUW+g/VL2xH4=
